{
  "originHash" : "e3398b5b768448eebf78a4ece3c425229721b27992bceb5e09a338e23373b5b8",
  "pins" : [
    {
      "identity" : "alamofire",
      "kind" : "remoteSourceControl",
      "location" : "https://github.com/Alamofire/Alamofire.git",
      "state" : {
        "revision" : "513364f870f6bfc468f9d2ff0a95caccc10044c5",
        "version" : "5.10.2"
      }
    },
    {
      "identity" : "swift-dependency-injector",
      "kind" : "remoteSourceControl",
      "location" : "https://github.com/andresduke024/swift-dependency-injector",
      "state" : {
        "revision" : "c13d93468689ac92ec1ac856ce94d73f242272cb",
        "version" : "2.0.0"
      }
    }
  ],
  "version" : 3
}
